
Microsoft Visual Studio Solution File, Format Version 11.00
# Visual Studio 2010
Project("{FAE04EC0-301F-11D3-BF4B-00C04F79EFBC}") = "RoadIt", "RoadIt\RoadIt.csproj", "{EE5B57FC-80FB-4166-AB7B-E700F477CC29}"
EndProject
Global
	GlobalSection(SolutionConfigurationPlatforms) = preSolution
		Debug|Any CPU = Debug|Any CPU
		Release|Any CPU = Release|Any CPU
	EndGlobalSection
	GlobalSection(ProjectConfigurationPlatforms) = postSolution
		{EE5B57FC-80FB-4166-AB7B-E700F477CC29}.Debug|Any CPU.ActiveCfg = Debug|Any CPU
		{EE5B57FC-80FB-4166-AB7B-E700F477CC29}.Debug|Any CPU.Build.0 = Debug|Any CPU
		{EE5B57FC-80FB-4166-AB7B-E700F477CC29}.Release|Any CPU.ActiveCfg = Release|Any CPU
		{EE5B57FC-80FB-4166-AB7B-E700F477CC29}.Release|Any CPU.Build.0 = Release|Any CPU
	EndGlobalSection
	GlobalSection(SolutionProperties) = preSolution
		HideSolutionNode = FALSE
	EndGlobalSection
EndGlobal
